
Microsoft Visual Studio Solution File, Format Version 12.00
# Visual Studio Version 17
VisualStudioVersion = 17.10.35201.131
MinimumVisualStudioVersion = 10.0.40219.1
Project("{FAE04EC0-301F-11D3-BF4B-00C04F79EFBC}") = "ThreadAssignment", "ThreadAssignment\ThreadAssignment.csproj", "{9A047851-3383-4C82-AEF3-34086887A843}"
EndProject
Global
	GlobalSection(SolutionConfigurationPlatforms) = preSolution
		Debug|Any CPU = Debug|Any CPU
		Release|Any CPU = Release|Any CPU
	EndGlobalSection
	GlobalSection(ProjectConfigurationPlatforms) = postSolution
		{9A047851-3383-4C82-AEF3-34086887A843}.Debug|Any CPU.ActiveCfg = Debug|Any CPU
		{9A047851-3383-4C82-AEF3-34086887A843}.Debug|Any CPU.Build.0 = Debug|Any CPU
		{9A047851-3383-4C82-AEF3-34086887A843}.Release|Any CPU.ActiveCfg = Release|Any CPU
		{9A047851-3383-4C82-AEF3-34086887A843}.Release|Any CPU.Build.0 = Release|Any CPU
	EndGlobalSection
	GlobalSection(SolutionProperties) = preSolution
		HideSolutionNode = FALSE
	EndGlobalSection
	GlobalSection(ExtensibilityGlobals) = postSolution
		SolutionGuid = {C786B5FC-333E-443F-A483-67F942E79E37}
	EndGlobalSection
EndGlobal
